{
  "name": "aaa",
  "version": "1.0.0",
  "lockfileVersion": 2,
  "requires": true,
  "packages": {
    "": {
      "name": "aaa",
      "version": "1.0.0",
      "license": "MIT",
      "dependencies": {
        "md5": "^1.0.1"
      }
    },
    "node_modules/md5": {
      "version": "1.0.1",
      "resolved": "https://registry.npmmirror.com/md5/-/md5-1.0.1.tgz",
      "integrity": "sha512-GC2uP0x/lT9VKEJZ994n4QDByg68aQz2jsU8luASvOX+mKQMWBRVvy0w8ohI2bkUY7qdO+mXAihjwsnME6Mp/A==",
      "engines": {
        "node": "*"
      }
    }
  },
  "dependencies": {
    "md5": {
      "version": "1.0.1",
      "resolved": "https://registry.npmmirror.com/md5/-/md5-1.0.1.tgz",
      "integrity": "sha512-GC2uP0x/lT9VKEJZ994n4QDByg68aQz2jsU8luASvOX+mKQMWBRVvy0w8ohI2bkUY7qdO+mXAihjwsnME6Mp/A=="
    }
  }
}
